
Microsoft Visual Studio Solution File, Format Version 12.00
# Visual Studio Version 17
VisualStudioVersion = 17.7.34031.279
MinimumVisualStudioVersion = 10.0.40219.1
Project("{FAE04EC0-301F-11D3-BF4B-00C04F79EFBC}") = "csharp-gestore-eventi", "csharp-gestore-eventi\csharp-gestore-eventi.csproj", "{1C5F5650-D9CB-4D23-909F-B681A8187EBE}"
EndProject
Global
	GlobalSection(SolutionConfigurationPlatforms) = preSolution
		Debug|Any CPU = Debug|Any CPU
		Release|Any CPU = Release|Any CPU
	EndGlobalSection
	GlobalSection(ProjectConfigurationPlatforms) = postSolution
		{1C5F5650-D9CB-4D23-909F-B681A8187EBE}.Debug|Any CPU.ActiveCfg = Debug|Any CPU
		{1C5F5650-D9CB-4D23-909F-B681A8187EBE}.Debug|Any CPU.Build.0 = Debug|Any CPU
		{1C5F5650-D9CB-4D23-909F-B681A8187EBE}.Release|Any CPU.ActiveCfg = Release|Any CPU
		{1C5F5650-D9CB-4D23-909F-B681A8187EBE}.Release|Any CPU.Build.0 = Release|Any CPU
	EndGlobalSection
	GlobalSection(SolutionProperties) = preSolution
		HideSolutionNode = FALSE
	EndGlobalSection
	GlobalSection(ExtensibilityGlobals) = postSolution
		SolutionGuid = {721ADC47-8D89-4F8C-A6C5-EDA8215F03F7}
	EndGlobalSection
EndGlobal
